{
  "name": "tiff",
  "lockfileVersion": 3,
  "requires": true,
  "packages": {
    "": {
      "dependencies": {
        "tiff.js": "^1.0.0"
      }
    },
    "node_modules/tiff.js": {
      "version": "1.0.0",
      "resolved": "https://registry.npmjs.org/tiff.js/-/tiff.js-1.0.0.tgz",
      "integrity": "sha512-P+ZWp1hcpEIx/Pzuc+REh0+isGXk5kfnFEJKRPq1trMbZW49eD/QGDT8Y4KamIK2ZXU+DcYr47auaO93akVP3A=="
    }
  }
}
